
Microsoft Visual Studio Solution File, Format Version 12.00
# Visual Studio Version 17
VisualStudioVersion = 17.5.002.0
MinimumVisualStudioVersion = 10.0.40219.1
Project("{9A19103F-16F7-4668-BE54-9A1E7A4F7556}") = "DijkstraShortestPath", "DijkstraShortestPath.csproj", "{5CFAAE06-6C82-4793-BBE3-3C4A8F11DA52}"
EndProject
Global
	GlobalSection(SolutionConfigurationPlatforms) = preSolution
		Debug|Any CPU = Debug|Any CPU
		Release|Any CPU = Release|Any CPU
	EndGlobalSection
	GlobalSection(ProjectConfigurationPlatforms) = postSolution
		{5CFAAE06-6C82-4793-BBE3-3C4A8F11DA52}.Debug|Any CPU.ActiveCfg = Debug|Any CPU
		{5CFAAE06-6C82-4793-BBE3-3C4A8F11DA52}.Debug|Any CPU.Build.0 = Debug|Any CPU
		{5CFAAE06-6C82-4793-BBE3-3C4A8F11DA52}.Release|Any CPU.ActiveCfg = Release|Any CPU
		{5CFAAE06-6C82-4793-BBE3-3C4A8F11DA52}.Release|Any CPU.Build.0 = Release|Any CPU
	EndGlobalSection
	GlobalSection(SolutionProperties) = preSolution
		HideSolutionNode = FALSE
	EndGlobalSection
	GlobalSection(ExtensibilityGlobals) = postSolution
		SolutionGuid = {4CAF58F4-64CD-4317-95E3-73DC0A6112CF}
	EndGlobalSection
EndGlobal
